// !$*UTF8*$!
{
	archiveVersion = 1;
	classes = {
	};
	objectVersion = 46;
	objects = {

/* Begin PBXBuildFile section */
		4A15F9041E9E2C63006D8F3C /* UIImageView+GifAnimation.m in Sources */ = {isa = PBXBuildFile; fileRef = 4A15F9031E9E2C63006D8F3C /* UIImageView+GifAnimation.m */; };
		4A597E2A1E9B98220064E9DC /* HQLEmptyView.m in Sources */ = {isa = PBXBuildFile; fileRef = 4A597E291E9B98220064E9DC /* HQLEmptyView.m */; };
		4A597E2F1E9E1AB10064E9DC /* common_loading_larger@3.gif in Resources */ = {isa = PBXBuildFile; fileRef = 4A597E2E1E9E1AB10064E9DC /* common_loading_larger@3.gif */; };
		4A8ABEEC1E6D381500A573F1 /* main.m in Sources */ = {isa = PBXBuildFile; fileRef = 4A8ABEEB1E6D381500A573F1 /* main.m */; };
		4A8ABEEF1E6D381500A573F1 /* AppDelegate.m in Sources */ = {isa = PBXBuildFile; fileRef = 4A8ABEEE1E6D381500A573F1 /* AppDelegate.m */; };
		4A8ABEF21E6D381500A573F1 /* ViewController.m in Sources */ = {isa = PBXBuildFile; fileRef = 4A8ABEF11E6D381500A573F1 /* ViewController.m */; };
		4A8ABEF51E6D381500A573F1 /* Main.storyboard in Resources */ = {isa = PBXBuildFile; fileRef = 4A8ABEF31E6D381500A573F1 /* Main.storyboard */; };
		4A8ABEF71E6D381500A573F1 /* Assets.xcassets in Resources */ = {isa = PBXBuildFile; fileRef = 4A8ABEF61E6D381500A573F1 /* Assets.xcassets */; };
		4A8ABEFA1E6D381500A573F1 /* LaunchScreen.storyboard in Resources */ = {isa = PBXBuildFile; fileRef = 4A8ABEF81E6D381500A573F1 /* LaunchScreen.storyboard */; };
		4A8ABF031E6D718100A573F1 /* HQLGoodsListView.m in Sources */ = {isa = PBXBuildFile; fileRef = 4A8ABF021E6D718100A573F1 /* HQLGoodsListView.m */; };
		4A8ABF061E6E99A300A573F1 /* UITableView+EmptyView.m in Sources */ = {isa = PBXBuildFile; fileRef = 4A8ABF051E6E99A300A573F1 /* UITableView+EmptyView.m */; };
		4A8ABF191E6FA08600A573F1 /* UIView+ZXFrameExtension.m in Sources */ = {isa = PBXBuildFile; fileRef = 4A8ABF0F1E6FA08600A573F1 /* UIView+ZXFrameExtension.m */; };
		4A8ABF1A1E6FA08600A573F1 /* HMCategoriesModel.m in Sources */ = {isa = PBXBuildFile; fileRef = 4A8ABF121E6FA08600A573F1 /* HMCategoriesModel.m */; };
		4A8ABF1B1E6FA08600A573F1 /* HMGoodsModel.m in Sources */ = {isa = PBXBuildFile; fileRef = 4A8ABF141E6FA08600A573F1 /* HMGoodsModel.m */; };
		4A8ABF1C1E6FA08600A573F1 /* HMGoodsListCell.m in Sources */ = {isa = PBXBuildFile; fileRef = 4A8ABF171E6FA08600A573F1 /* HMGoodsListCell.m */; };
		4A8ABF1D1E6FA08600A573F1 /* HMGoodsListCell.xib in Resources */ = {isa = PBXBuildFile; fileRef = 4A8ABF181E6FA08600A573F1 /* HMGoodsListCell.xib */; };
		4A8ABF221E6FA16100A573F1 /* HMSku_propertiesModel.m in Sources */ = {isa = PBXBuildFile; fileRef = 4A8ABF1F1E6FA16100A573F1 /* HMSku_propertiesModel.m */; };
		4A8ABF231E6FA16100A573F1 /* HMSkuModel.m in Sources */ = {isa = PBXBuildFile; fileRef = 4A8ABF211E6FA16100A573F1 /* HMSkuModel.m */; };
		4A8ABF261E6FA1B500A573F1 /* HMNumButton.m in Sources */ = {isa = PBXBuildFile; fileRef = 4A8ABF251E6FA1B500A573F1 /* HMNumButton.m */; };
		4A8ABF2B1E6FA1F200A573F1 /* HQLExpandableButton.m in Sources */ = {isa = PBXBuildFile; fileRef = 4A8ABF281E6FA1F200A573F1 /* HQLExpandableButton.m */; };
		4A8ABF2C1E6FA1F200A573F1 /* HQLNumberButton.m in Sources */ = {isa = PBXBuildFile; fileRef = 4A8ABF2A1E6FA1F200A573F1 /* HQLNumberButton.m */; };
/* End PBXBuildFile section */

/* Begin PBXFileReference section */
		4A15F9021E9E2C63006D8F3C /* UIImageView+GifAnimation.h */ = {isa = PBXFileReference; fileEncoding = 4; lastKnownFileType = sourcecode.c.h; path = "UIImageView+GifAnimation.h"; sourceTree = "<group>"; };
		4A15F9031E9E2C63006D8F3C /* UIImageView+GifAnimation.m */ = {isa = PBXFileReference; fileEncoding = 4; lastKnownFileType = sourcecode.c.objc; path = "UIImageView+GifAnimation.m"; sourceTree = "<group>"; };
		4A597E281E9B98220064E9DC /* HQLEmptyView.h */ = {isa = PBXFileReference; fileEncoding = 4; lastKnownFileType = sourcecode.c.h; path = HQLEmptyView.h; sourceTree = "<group>"; };
		4A597E291E9B98220064E9DC /* HQLEmptyView.m */ = {isa = PBXFileReference; fileEncoding = 4; lastKnownFileType = sourcecode.c.objc; path = HQLEmptyView.m; sourceTree = "<group>"; };
		4A597E2E1E9E1AB10064E9DC /* common_loading_larger@3.gif */ = {isa = PBXFileReference; lastKnownFileType = image.gif; path = "common_loading_larger@3.gif"; sourceTree = "<group>"; };
		4A8ABEE71E6D381500A573F1 /* HQLGoodsListViewDemo.app */ = {isa = PBXFileReference; explicitFileType = wrapper.application; includeInIndex = 0; path = HQLGoodsListViewDemo.app; sourceTree = BUILT_PRODUCTS_DIR; };
		4A8ABEEB1E6D381500A573F1 /* main.m */ = {isa = PBXFileReference; lastKnownFileType = sourcecode.c.objc; path = main.m; sourceTree = "<group>"; };
		4A8ABEED1E6D381500A573F1 /* AppDelegate.h */ = {isa = PBXFileReference; lastKnownFileType = sourcecode.c.h; path = AppDelegate.h; sourceTree = "<group>"; };
		4A8ABEEE1E6D381500A573F1 /* AppDelegate.m */ = {isa = PBXFileReference; lastKnownFileType = sourcecode.c.objc; path = AppDelegate.m; sourceTree = "<group>"; };
		4A8ABEF01E6D381500A573F1 /* ViewController.h */ = {isa = PBXFileReference; lastKnownFileType = sourcecode.c.h; path = ViewController.h; sourceTree = "<group>"; };
		4A8ABEF11E6D381500A573F1 /* ViewController.m */ = {isa = PBXFileReference; lastKnownFileType = sourcecode.c.objc; path = ViewController.m; sourceTree = "<group>"; };
		4A8ABEF41E6D381500A573F1 /* Base */ = {isa = PBXFileReference; lastKnownFileType = file.storyboard; name = Base; path = Base.lproj/Main.storyboard; sourceTree = "<group>"; };
		4A8ABEF61E6D381500A573F1 /* Assets.xcassets */ = {isa = PBXFileReference; lastKnownFileType = folder.assetcatalog; path = Assets.xcassets; sourceTree = "<group>"; };
		4A8ABEF91E6D381500A573F1 /* Base */ = {isa = PBXFileReference; lastKnownFileType = file.storyboard; name = Base; path = Base.lproj/LaunchScreen.storyboard; sourceTree = "<group>"; };
		4A8ABEFB1E6D381500A573F1 /* Info.plist */ = {isa = PBXFileReference; lastKnownFileType = text.plist.xml; path = Info.plist; sourceTree = "<group>"; };
		4A8ABF011E6D718100A573F1 /* HQLGoodsListView.h */ = {isa = PBXFileReference; fileEncoding = 4; lastKnownFileType = sourcecode.c.h; path = HQLGoodsListView.h; sourceTree = "<group>"; };
		4A8ABF021E6D718100A573F1 /* HQLGoodsListView.m */ = {isa = PBXFileReference; fileEncoding = 4; lastKnownFileType = sourcecode.c.objc; path = HQLGoodsListView.m; sourceTree = "<group>"; };
		4A8ABF041E6E99A300A573F1 /* UITableView+EmptyView.h */ = {isa = PBXFileReference; fileEncoding = 4; lastKnownFileType = sourcecode.c.h; path = "UITableView+EmptyView.h"; sourceTree = "<group>"; };
		4A8ABF051E6E99A300A573F1 /* UITableView+EmptyView.m */ = {isa = PBXFileReference; fileEncoding = 4; lastKnownFileType = sourcecode.c.objc; path = "UITableView+EmptyView.m"; sourceTree = "<group>"; };
		4A8ABF0E1E6FA08600A573F1 /* UIView+ZXFrameExtension.h */ = {isa = PBXFileReference; fileEncoding = 4; lastKnownFileType = sourcecode.c.h; path = "UIView+ZXFrameExtension.h"; sourceTree = "<group>"; };
		4A8ABF0F1E6FA08600A573F1 /* UIView+ZXFrameExtension.m */ = {isa = PBXFileReference; fileEncoding = 4; lastKnownFileType = sourcecode.c.objc; path = "UIView+ZXFrameExtension.m"; sourceTree = "<group>"; };
		4A8ABF111E6FA08600A573F1 /* HMCategoriesModel.h */ = {isa = PBXFileReference; fileEncoding = 4; lastKnownFileType = sourcecode.c.h; path = HMCategoriesModel.h; sourceTree = "<group>"; };
		4A8ABF121E6FA08600A573F1 /* HMCategoriesModel.m */ = {isa = PBXFileReference; fileEncoding = 4; lastKnownFileType = sourcecode.c.objc; path = HMCategoriesModel.m; sourceTree = "<group>"; };
		4A8ABF131E6FA08600A573F1 /* HMGoodsModel.h */ = {isa = PBXFileReference; fileEncoding = 4; lastKnownFileType = sourcecode.c.h; path = HMGoodsModel.h; sourceTree = "<group>"; };
		4A8ABF141E6FA08600A573F1 /* HMGoodsModel.m */ = {isa = PBXFileReference; fileEncoding = 4; lastKnownFileType = sourcecode.c.objc; path = HMGoodsModel.m; sourceTree = "<group>"; };
		4A8ABF161E6FA08600A573F1 /* HMGoodsListCell.h */ = {isa = PBXFileReference; fileEncoding = 4; lastKnownFileType = sourcecode.c.h; path = HMGoodsListCell.h; sourceTree = "<group>"; };
		4A8ABF171E6FA08600A573F1 /* HMGoodsListCell.m */ = {isa = PBXFileReference; fileEncoding = 4; lastKnownFileType = sourcecode.c.objc; path = HMGoodsListCell.m; sourceTree = "<group>"; };
		4A8ABF181E6FA08600A573F1 /* HMGoodsListCell.xib */ = {isa = PBXFileReference; fileEncoding = 4; lastKnownFileType = file.xib; path = HMGoodsListCell.xib; sourceTree = "<group>"; };
		4A8ABF1E1E6FA16100A573F1 /* HMSku_propertiesModel.h */ = {isa = PBXFileReference; fileEncoding = 4; lastKnownFileType = sourcecode.c.h; path = HMSku_propertiesModel.h; sourceTree = "<group>"; };
		4A8ABF1F1E6FA16100A573F1 /* HMSku_propertiesModel.m */ = {isa = PBXFileReference; fileEncoding = 4; lastKnownFileType = sourcecode.c.objc; path = HMSku_propertiesModel.m; sourceTree = "<group>"; };
		4A8ABF201E6FA16100A573F1 /* HMSkuModel.h */ = {isa = PBXFileReference; fileEncoding = 4; lastKnownFileType = sourcecode.c.h; path = HMSkuModel.h; sourceTree = "<group>"; };
		4A8ABF211E6FA16100A573F1 /* HMSkuModel.m */ = {isa = PBXFileReference; fileEncoding = 4; lastKnownFileType = sourcecode.c.objc; path = HMSkuModel.m; sourceTree = "<group>"; };
		4A8ABF241E6FA1B500A573F1 /* HMNumButton.h */ = {isa = PBXFileReference; fileEncoding = 4; lastKnownFileType = sourcecode.c.h; path = HMNumButton.h; sourceTree = "<group>"; };
		4A8ABF251E6FA1B500A573F1 /* HMNumButton.m */ = {isa = PBXFileReference; fileEncoding = 4; lastKnownFileType = sourcecode.c.objc; path = HMNumButton.m; sourceTree = "<group>"; };
		4A8ABF271E6FA1F200A573F1 /* HQLExpandableButton.h */ = {isa = PBXFileReference; fileEncoding = 4; lastKnownFileType = sourcecode.c.h; path = HQLExpandableButton.h; sourceTree = "<group>"; };
		4A8ABF281E6FA1F200A573F1 /* HQLExpandableButton.m */ = {isa = PBXFileReference; fileEncoding = 4; lastKnownFileType = sourcecode.c.objc; path = HQLExpandableButton.m; sourceTree = "<group>"; };
		4A8ABF291E6FA1F200A573F1 /* HQLNumberButton.h */ = {isa = PBXFileReference; fileEncoding = 4; lastKnownFileType = sourcecode.c.h; path = HQLNumberButton.h; sourceTree = "<group>"; };
		4A8ABF2A1E6FA1F200A573F1 /* HQLNumberButton.m */ = {isa = PBXFileReference; fileEncoding = 4; lastKnownFileType = sourcecode.c.objc; path = HQLNumberButton.m; sourceTree = "<group>"; };
/* End PBXFileReference section */

/* Begin PBXFrameworksBuildPhase section */
		4A8ABEE41E6D381500A573F1 /* Frameworks */ = {
			isa = PBXFrameworksBuildPhase;
			buildActionMask = 2147483647;
			files = (
			);
			runOnlyForDeploymentPostprocessing = 0;
		};
/* End PBXFrameworksBuildPhase section */

/* Begin PBXGroup section */
		4A8ABEDE1E6D381400A573F1 = {
			isa = PBXGroup;
			children = (
				4A8ABEE91E6D381500A573F1 /* HQLGoodsListViewDemo */,
				4A8ABEE81E6D381500A573F1 /* Products */,
			);
			sourceTree = "<group>";
		};
		4A8ABEE81E6D381500A573F1 /* Products */ = {
			isa = PBXGroup;
			children = (
				4A8ABEE71E6D381500A573F1 /* HQLGoodsListViewDemo.app */,
			);
			name = Products;
			sourceTree = "<group>";
		};
		4A8ABEE91E6D381500A573F1 /* HQLGoodsListViewDemo */ = {
			isa = PBXGroup;
			children = (
				4A8ABF0C1E6FA08600A573F1 /* Lib */,
				4A8ABEED1E6D381500A573F1 /* AppDelegate.h */,
				4A8ABEEE1E6D381500A573F1 /* AppDelegate.m */,
				4A8ABEF01E6D381500A573F1 /* ViewController.h */,
				4A8ABEF11E6D381500A573F1 /* ViewController.m */,
				4A8ABEF31E6D381500A573F1 /* Main.storyboard */,
				4A8ABEF61E6D381500A573F1 /* Assets.xcassets */,
				4A8ABEF81E6D381500A573F1 /* LaunchScreen.storyboard */,
				4A8ABEFB1E6D381500A573F1 /* Info.plist */,
				4A597E2E1E9E1AB10064E9DC /* common_loading_larger@3.gif */,
				4A8ABEEA1E6D381500A573F1 /* Supporting Files */,
				4A8ABF011E6D718100A573F1 /* HQLGoodsListView.h */,
				4A8ABF021E6D718100A573F1 /* HQLGoodsListView.m */,
				4A8ABF041E6E99A300A573F1 /* UITableView+EmptyView.h */,
				4A8ABF051E6E99A300A573F1 /* UITableView+EmptyView.m */,
				4A597E281E9B98220064E9DC /* HQLEmptyView.h */,
				4A597E291E9B98220064E9DC /* HQLEmptyView.m */,
				4A15F9021E9E2C63006D8F3C /* UIImageView+GifAnimation.h */,
				4A15F9031E9E2C63006D8F3C /* UIImageView+GifAnimation.m */,
			);
			path = HQLGoodsListViewDemo;
			sourceTree = "<group>";
		};
		4A8ABEEA1E6D381500A573F1 /* Supporting Files */ = {
			isa = PBXGroup;
			children = (
				4A8ABEEB1E6D381500A573F1 /* main.m */,
			);
			name = "Supporting Files";
			sourceTree = "<group>";
		};
		4A8ABF0C1E6FA08600A573F1 /* Lib */ = {
			isa = PBXGroup;
			children = (
				4A8ABF0D1E6FA08600A573F1 /* Lib */,
				4A8ABF101E6FA08600A573F1 /* Model */,
				4A8ABF151E6FA08600A573F1 /* View */,
			);
			path = Lib;
			sourceTree = "<group>";
		};
		4A8ABF0D1E6FA08600A573F1 /* Lib */ = {
			isa = PBXGroup;
			children = (
				4A8ABF0E1E6FA08600A573F1 /* UIView+ZXFrameExtension.h */,
				4A8ABF0F1E6FA08600A573F1 /* UIView+ZXFrameExtension.m */,
			);
			path = Lib;
			sourceTree = "<group>";
		};
		4A8ABF101E6FA08600A573F1 /* Model */ = {
			isa = PBXGroup;
			children = (
				4A8ABF1E1E6FA16100A573F1 /* HMSku_propertiesModel.h */,
				4A8ABF1F1E6FA16100A573F1 /* HMSku_propertiesModel.m */,
				4A8ABF201E6FA16100A573F1 /* HMSkuModel.h */,
				4A8ABF211E6FA16100A573F1 /* HMSkuModel.m */,
				4A8ABF111E6FA08600A573F1 /* HMCategoriesModel.h */,
				4A8ABF121E6FA08600A573F1 /* HMCategoriesModel.m */,
				4A8ABF131E6FA08600A573F1 /* HMGoodsModel.h */,
				4A8ABF141E6FA08600A573F1 /* HMGoodsModel.m */,
			);
			path = Model;
			sourceTree = "<group>";
		};
		4A8ABF151E6FA08600A573F1 /* View */ = {
			isa = PBXGroup;
			children = (
				4A8ABF271E6FA1F200A573F1 /* HQLExpandableButton.h */,
				4A8ABF281E6FA1F200A573F1 /* HQLExpandableButton.m */,
				4A8ABF291E6FA1F200A573F1 /* HQLNumberButton.h */,
				4A8ABF2A1E6FA1F200A573F1 /* HQLNumberButton.m */,
				4A8ABF241E6FA1B500A573F1 /* HMNumButton.h */,
				4A8ABF251E6FA1B500A573F1 /* HMNumButton.m */,
				4A8ABF161E6FA08600A573F1 /* HMGoodsListCell.h */,
				4A8ABF171E6FA08600A573F1 /* HMGoodsListCell.m */,
				4A8ABF181E6FA08600A573F1 /* HMGoodsListCell.xib */,
			);
			path = View;
			sourceTree = "<group>";
		};
/* End PBXGroup section */

/* Begin PBXNativeTarget section */
		4A8ABEE61E6D381500A573F1 /* HQLGoodsListViewDemo */ = {
			isa = PBXNativeTarget;
			buildConfigurationList = 4A8ABEFE1E6D381500A573F1 /* Build configuration list for PBXNativeTarget "HQLGoodsListViewDemo" */;
			buildPhases = (
				4A8ABEE31E6D381500A573F1 /* Sources */,
				4A8ABEE41E6D381500A573F1 /* Frameworks */,
				4A8ABEE51E6D381500A573F1 /* Resources */,
			);
			buildRules = (
			);
			dependencies = (
			);
			name = HQLGoodsListViewDemo;
			productName = HQLGoodsListViewDemo;
			productReference = 4A8ABEE71E6D381500A573F1 /* HQLGoodsListViewDemo.app */;
			productType = "com.apple.product-type.application";
		};
/* End PBXNativeTarget section */

/* Begin PBXProject section */
		4A8ABEDF1E6D381400A573F1 /* Project object */ = {
			isa = PBXProject;
			attributes = {
				LastUpgradeCheck = 0820;
				ORGANIZATIONNAME = weplus;
				TargetAttributes = {
					4A8ABEE61E6D381500A573F1 = {
						CreatedOnToolsVersion = 8.2.1;
						DevelopmentTeam = X8GXYMZ6FW;
						ProvisioningStyle = Automatic;
					};
				};
			};
			buildConfigurationList = 4A8ABEE21E6D381500A573F1 /* Build configuration list for PBXProject "HQLGoodsListViewDemo" */;
			compatibilityVersion = "Xcode 3.2";
			developmentRegion = English;
			hasScannedForEncodings = 0;
			knownRegions = (
				en,
				Base,
			);
			mainGroup = 4A8ABEDE1E6D381400A573F1;
			productRefGroup = 4A8ABEE81E6D381500A573F1 /* Products */;
			projectDirPath = "";
			projectRoot = "";
			targets = (
				4A8ABEE61E6D381500A573F1 /* HQLGoodsListViewDemo */,
			);
		};
/* End PBXProject section */

/* Begin PBXResourcesBuildPhase section */
		4A8ABEE51E6D381500A573F1 /* Resources */ = {
			isa = PBXResourcesBuildPhase;
			buildActionMask = 2147483647;
			files = (
				4A8ABEFA1E6D381500A573F1 /* LaunchScreen.storyboard in Resources */,
				4A8ABF1D1E6FA08600A573F1 /* HMGoodsListCell.xib in Resources */,
				4A8ABEF71E6D381500A573F1 /* Assets.xcassets in Resources */,
				4A8ABEF51E6D381500A573F1 /* Main.storyboard in Resources */,
				4A597E2F1E9E1AB10064E9DC /* common_loading_larger@3.gif in Resources */,
			);
			runOnlyForDeploymentPostprocessing = 0;
		};
/* End PBXResourcesBuildPhase section */

/* Begin PBXSourcesBuildPhase section */
		4A8ABEE31E6D381500A573F1 /* Sources */ = {
			isa = PBXSourcesBuildPhase;
			buildActionMask = 2147483647;
			files = (
				4A8ABEF21E6D381500A573F1 /* ViewController.m in Sources */,
				4A8ABF261E6FA1B500A573F1 /* HMNumButton.m in Sources */,
				4A15F9041E9E2C63006D8F3C /* UIImageView+GifAnimation.m in Sources */,
				4A8ABF2B1E6FA1F200A573F1 /* HQLExpandableButton.m in Sources */,
				4A597E2A1E9B98220064E9DC /* HQLEmptyView.m in Sources */,
				4A8ABF1B1E6FA08600A573F1 /* HMGoodsModel.m in Sources */,
				4A8ABF221E6FA16100A573F1 /* HMSku_propertiesModel.m in Sources */,
				4A8ABF231E6FA16100A573F1 /* HMSkuModel.m in Sources */,
				4A8ABF1A1E6FA08600A573F1 /* HMCategoriesModel.m in Sources */,
				4A8ABF191E6FA08600A573F1 /* UIView+ZXFrameExtension.m in Sources */,
				4A8ABF031E6D718100A573F1 /* HQLGoodsListView.m in Sources */,
				4A8ABEEF1E6D381500A573F1 /* AppDelegate.m in Sources */,
				4A8ABF2C1E6FA1F200A573F1 /* HQLNumberButton.m in Sources */,
				4A8ABF1C1E6FA08600A573F1 /* HMGoodsListCell.m in Sources */,
				4A8ABF061E6E99A300A573F1 /* UITableView+EmptyView.m in Sources */,
				4A8ABEEC1E6D381500A573F1 /* main.m in Sources */,
			);
			runOnlyForDeploymentPostprocessing = 0;
		};
/* End PBXSourcesBuildPhase section */

/* Begin PBXVariantGroup section */
		4A8ABEF31E6D381500A573F1 /* Main.storyboard */ = {
			isa = PBXVariantGroup;
			children = (
				4A8ABEF41E6D381500A573F1 /* Base */,
			);
			name = Main.storyboard;
			sourceTree = "<group>";
		};
		4A8ABEF81E6D381500A573F1 /* LaunchScreen.storyboard */ = {
			isa = PBXVariantGroup;
			children = (
				4A8ABEF91E6D381500A573F1 /* Base */,
			);
			name = LaunchScreen.storyboard;
			sourceTree = "<group>";
		};
/* End PBXVariantGroup section */

/* Begin XCBuildConfiguration section */
		4A8ABEFC1E6D381500A573F1 /* Debug */ = {
			isa = XCBuildConfiguration;
			buildSettings = {
				ALWAYS_SEARCH_USER_PATHS = NO;
				CLANG_ANALYZER_NONNULL = YES;
				CLANG_CXX_LANGUAGE_STANDARD = "gnu++0x";
				CLANG_CXX_LIBRARY = "libc++";
				CLANG_ENABLE_MODULES = YES;
				CLANG_ENABLE_OBJC_ARC = YES;
				CLANG_WARN_BOOL_CONVERSION = YES;
				CLANG_WARN_CONSTANT_CONVERSION = YES;
				CLANG_WARN_DIRECT_OBJC_ISA_USAGE = YES_ERROR;
				CLANG_WARN_DOCUMENTATION_COMMENTS = YES;
				CLANG_WARN_EMPTY_BODY = YES;
				CLANG_WARN_ENUM_CONVERSION = YES;
				CLANG_WARN_INFINITE_RECURSION = YES;
				CLANG_WARN_INT_CONVERSION = YES;
				CLANG_WARN_OBJC_ROOT_CLASS = YES_ERROR;
				CLANG_WARN_SUSPICIOUS_MOVE = YES;
				CLANG_WARN_UNREACHABLE_CODE = YES;
				CLANG_WARN__DUPLICATE_METHOD_MATCH = YES;
				"CODE_SIGN_IDENTITY[sdk=iphoneos*]" = "iPhone Developer";
				COPY_PHASE_STRIP = NO;
				DEBUG_INFORMATION_FORMAT = dwarf;
				ENABLE_STRICT_OBJC_MSGSEND = YES;
				ENABLE_TESTABILITY = YES;
				GCC_C_LANGUAGE_STANDARD = gnu99;
				GCC_DYNAMIC_NO_PIC = NO;
				GCC_NO_COMMON_BLOCKS = YES;
				GCC_OPTIMIZATION_LEVEL = 0;
				GCC_PREPROCESSOR_DEFINITIONS = (
					"DEBUG=1",
					"$(inherited)",
				);
				GCC_WARN_64_TO_32_BIT_CONVERSION = YES;
				GCC_WARN_ABOUT_RETURN_TYPE = YES_ERROR;
				GCC_WARN_UNDECLARED_SELECTOR = YES;
				GCC_WARN_UNINITIALIZED_AUTOS = YES_AGGRESSIVE;
				GCC_WARN_UNUSED_FUNCTION = YES;
				GCC_WARN_UNUSED_VARIABLE = YES;
				IPHONEOS_DEPLOYMENT_TARGET = 10.2;
				MTL_ENABLE_DEBUG_INFO = YES;
				ONLY_ACTIVE_ARCH = YES;
				SDKROOT = iphoneos;
				TARGETED_DEVICE_FAMILY = "1,2";
			};
			name = Debug;
		};
		4A8ABEFD1E6D381500A573F1 /* Release */ = {
			isa = XCBuildConfiguration;
			buildSettings = {
				ALWAYS_SEARCH_USER_PATHS = NO;
				CLANG_ANALYZER_NONNULL = YES;
				CLANG_CXX_LANGUAGE_STANDARD = "gnu++0x";
				CLANG_CXX_LIBRARY = "libc++";
				CLANG_ENABLE_MODULES = YES;
				CLANG_ENABLE_OBJC_ARC = YES;
				CLANG_WARN_BOOL_CONVERSION = YES;
				CLANG_WARN_CONSTANT_CONVERSION = YES;
				CLANG_WARN_DIRECT_OBJC_ISA_USAGE = YES_ERROR;
				CLANG_WARN_DOCUMENTATION_COMMENTS = YES;
				CLANG_WARN_EMPTY_BODY = YES;
				CLANG_WARN_ENUM_CONVERSION = YES;
				CLANG_WARN_INFINITE_RECURSION = YES;
				CLANG_WARN_INT_CONVERSION = YES;
				CLANG_WARN_OBJC_ROOT_CLASS = YES_ERROR;
				CLANG_WARN_SUSPICIOUS_MOVE = YES;
				CLANG_WARN_UNREACHABLE_CODE = YES;
				CLANG_WARN__DUPLICATE_METHOD_MATCH = YES;
				"CODE_SIGN_IDENTITY[sdk=iphoneos*]" = "iPhone Developer";
				COPY_PHASE_STRIP = NO;
				DEBUG_INFORMATION_FORMAT = "dwarf-with-dsym";
				ENABLE_NS_ASSERTIONS = NO;
				ENABLE_STRICT_OBJC_MSGSEND = YES;
				GCC_C_LANGUAGE_STANDARD = gnu99;
				GCC_NO_COMMON_BLOCKS = YES;
				GCC_WARN_64_TO_32_BIT_CONVERSION = YES;
				GCC_WARN_ABOUT_RETURN_TYPE = YES_ERROR;
				GCC_WARN_UNDECLARED_SELECTOR = YES;
				GCC_WARN_UNINITIALIZED_AUTOS = YES_AGGRESSIVE;
				GCC_WARN_UNUSED_FUNCTION = YES;
				GCC_WARN_UNUSED_VARIABLE = YES;
				IPHONEOS_DEPLOYMENT_TARGET = 10.2;
				MTL_ENABLE_DEBUG_INFO = NO;
				SDKROOT = iphoneos;
				TARGETED_DEVICE_FAMILY = "1,2";
				VALIDATE_PRODUCT = YES;
			};
			name = Release;
		};
		4A8ABEFF1E6D381500A573F1 /* Debug */ = {
			isa = XCBuildConfiguration;
			buildSettings = {
				ASSETCATALOG_COMPILER_APPICON_NAME = AppIcon;
				DEVELOPMENT_TEAM = X8GXYMZ6FW;
				INFOPLIST_FILE = HQLGoodsListViewDemo/Info.plist;
				LD_RUNPATH_SEARCH_PATHS = "$(inherited) @executable_path/Frameworks";
				PRODUCT_BUNDLE_IDENTIFIER = cn.weplus.HQLGoodsListViewDemo;
				PRODUCT_NAME = "$(TARGET_NAME)";
			};
			name = Debug;
		};
		4A8ABF001E6D381500A573F1 /* Release */ = {
			isa = XCBuildConfiguration;
			buildSettings = {
				ASSETCATALOG_COMPILER_APPICON_NAME = AppIcon;
				DEVELOPMENT_TEAM = X8GXYMZ6FW;
				INFOPLIST_FILE = HQLGoodsListViewDemo/Info.plist;
				LD_RUNPATH_SEARCH_PATHS = "$(inherited) @executable_path/Frameworks";
				PRODUCT_BUNDLE_IDENTIFIER = cn.weplus.HQLGoodsListViewDemo;
				PRODUCT_NAME = "$(TARGET_NAME)";
			};
			name = Release;
		};
/* End XCBuildConfiguration section */

/* Begin XCConfigurationList section */
		4A8ABEE21E6D381500A573F1 /* Build configuration list for PBXProject "HQLGoodsListViewDemo" */ = {
			isa = XCConfigurationList;
			buildConfigurations = (
				4A8ABEFC1E6D381500A573F1 /* Debug */,
				4A8ABEFD1E6D381500A573F1 /* Release */,
			);
			defaultConfigurationIsVisible = 0;
			defaultConfigurationName = Release;
		};
		4A8ABEFE1E6D381500A573F1 /* Build configuration list for PBXNativeTarget "HQLGoodsListViewDemo" */ = {
			isa = XCConfigurationList;
			buildConfigurations = (
				4A8ABEFF1E6D381500A573F1 /* Debug */,
				4A8ABF001E6D381500A573F1 /* Release */,
			);
			defaultConfigurationIsVisible = 0;
			defaultConfigurationName = Release;
		};
/* End XCConfigurationList section */
	};
	rootObject = 4A8ABEDF1E6D381400A573F1 /* Project object */;
}
